// !$*UTF8*$!
{
	archiveVersion = 1;
	classes = {
	};
	objectVersion = 50;
	objects = {

/* Begin PBXBuildFile section */
		D32334F5223F7994008488BE /* AppDelegate.swift in Sources */ = {isa = PBXBuildFile; fileRef = D32334F4223F7994008488BE /* AppDelegate.swift */; };
		D32334F7223F7994008488BE /* ViewController.swift in Sources */ = {isa = PBXBuildFile; fileRef = D32334F6223F7994008488BE /* ViewController.swift */; };
		D32334FA223F7994008488BE /* Main.storyboard in Resources */ = {isa = PBXBuildFile; fileRef = D32334F8223F7994008488BE /* Main.storyboard */; };
		D32334FC223F7996008488BE /* Assets.xcassets in Resources */ = {isa = PBXBuildFile; fileRef = D32334FB223F7996008488BE /* Assets.xcassets */; };
		D32334FF223F7996008488BE /* LaunchScreen.storyboard in Resources */ = {isa = PBXBuildFile; fileRef = D32334FD223F7996008488BE /* LaunchScreen.storyboard */; };
		D3233507223F7D8E008488BE /* LoginViewController.swift in Sources */ = {isa = PBXBuildFile; fileRef = D3233506223F7D8E008488BE /* LoginViewController.swift */; };
		D3233509223F7DA0008488BE /* HomeViewController.swift in Sources */ = {isa = PBXBuildFile; fileRef = D3233508223F7DA0008488BE /* HomeViewController.swift */; };
		D323350B223F7DB2008488BE /* SettingViewController.swift in Sources */ = {isa = PBXBuildFile; fileRef = D323350A223F7DB2008488BE /* SettingViewController.swift */; };
		D323350E223F7FA7008488BE /* MapKit.framework in Frameworks */ = {isa = PBXBuildFile; fileRef = D323350D223F7FA7008488BE /* MapKit.framework */; };
		D3233510223F8060008488BE /* MapViewController.swift in Sources */ = {isa = PBXBuildFile; fileRef = D323350F223F8060008488BE /* MapViewController.swift */; };
		D3233512223F809B008488BE /* PostViewController.swift in Sources */ = {isa = PBXBuildFile; fileRef = D3233511223F809B008488BE /* PostViewController.swift */; };
		D3233518223FD10B008488BE /* GoogleService-Info.plist in Resources */ = {isa = PBXBuildFile; fileRef = D3233517223FD10B008488BE /* GoogleService-Info.plist */; };
		D323351C223FDB78008488BE /* InformationViewController.swift in Sources */ = {isa = PBXBuildFile; fileRef = D323351B223FDB78008488BE /* InformationViewController.swift */; };
		D323351E223FE79E008488BE /* CoreLocation.framework in Frameworks */ = {isa = PBXBuildFile; fileRef = D323351D223FE79D008488BE /* CoreLocation.framework */; };
		D37A791F2240CBED00D0CB60 /* MyColor.swift in Sources */ = {isa = PBXBuildFile; fileRef = D37A791E2240CBED00D0CB60 /* MyColor.swift */; };
		DF4DE71C42E68CA415B6283E /* Pods_Posting.framework in Frameworks */ = {isa = PBXBuildFile; fileRef = 1E0DCA6D2665F5433B93509D /* Pods_Posting.framework */; };
/* End PBXBuildFile section */

/* Begin PBXFileReference section */
		1E0DCA6D2665F5433B93509D /* Pods_Posting.framework */ = {isa = PBXFileReference; explicitFileType = wrapper.framework; includeInIndex = 0; path = Pods_Posting.framework; sourceTree = BUILT_PRODUCTS_DIR; };
		48076C3008E89F2B0521886F /* Pods-Posting.debug.xcconfig */ = {isa = PBXFileReference; includeInIndex = 1; lastKnownFileType = text.xcconfig; name = "Pods-Posting.debug.xcconfig"; path = "Target Support Files/Pods-Posting/Pods-Posting.debug.xcconfig"; sourceTree = "<group>"; };
		5E3E5FF085322F9D3D6D950B /* Pods-Posting.release.xcconfig */ = {isa = PBXFileReference; includeInIndex = 1; lastKnownFileType = text.xcconfig; name = "Pods-Posting.release.xcconfig"; path = "Target Support Files/Pods-Posting/Pods-Posting.release.xcconfig"; sourceTree = "<group>"; };
		D32334F1223F7994008488BE /* Posting.app */ = {isa = PBXFileReference; explicitFileType = wrapper.application; includeInIndex = 0; path = Posting.app; sourceTree = BUILT_PRODUCTS_DIR; };
		D32334F4223F7994008488BE /* AppDelegate.swift */ = {isa = PBXFileReference; lastKnownFileType = sourcecode.swift; path = AppDelegate.swift; sourceTree = "<group>"; };
		D32334F6223F7994008488BE /* ViewController.swift */ = {isa = PBXFileReference; lastKnownFileType = sourcecode.swift; path = ViewController.swift; sourceTree = "<group>"; };
		D32334F9223F7994008488BE /* Base */ = {isa = PBXFileReference; lastKnownFileType = file.storyboard; name = Base; path = Base.lproj/Main.storyboard; sourceTree = "<group>"; };
		D32334FB223F7996008488BE /* Assets.xcassets */ = {isa = PBXFileReference; lastKnownFileType = folder.assetcatalog; path = Assets.xcassets; sourceTree = "<group>"; };
		D32334FE223F7996008488BE /* Base */ = {isa = PBXFileReference; lastKnownFileType = file.storyboard; name = Base; path = Base.lproj/LaunchScreen.storyboard; sourceTree = "<group>"; };
		D3233500223F7996008488BE /* Info.plist */ = {isa = PBXFileReference; lastKnownFileType = text.plist.xml; path = Info.plist; sourceTree = "<group>"; };
		D3233506223F7D8E008488BE /* LoginViewController.swift */ = {isa = PBXFileReference; lastKnownFileType = sourcecode.swift; path = LoginViewController.swift; sourceTree = "<group>"; };
		D3233508223F7DA0008488BE /* HomeViewController.swift */ = {isa = PBXFileReference; lastKnownFileType = sourcecode.swift; path = HomeViewController.swift; sourceTree = "<group>"; };
		D323350A223F7DB2008488BE /* SettingViewController.swift */ = {isa = PBXFileReference; lastKnownFileType = sourcecode.swift; path = SettingViewController.swift; sourceTree = "<group>"; };
		D323350D223F7FA7008488BE /* MapKit.framework */ = {isa = PBXFileReference; lastKnownFileType = wrapper.framework; name = MapKit.framework; path = System/Library/Frameworks/MapKit.framework; sourceTree = SDKROOT; };
		D323350F223F8060008488BE /* MapViewController.swift */ = {isa = PBXFileReference; lastKnownFileType = sourcecode.swift; path = MapViewController.swift; sourceTree = "<group>"; };
		D3233511223F809B008488BE /* PostViewController.swift */ = {isa = PBXFileReference; lastKnownFileType = sourcecode.swift; path = PostViewController.swift; sourceTree = "<group>"; };
		D3233517223FD10B008488BE /* GoogleService-Info.plist */ = {isa = PBXFileReference; fileEncoding = 4; lastKnownFileType = text.plist.xml; path = "GoogleService-Info.plist"; sourceTree = "<group>"; };
		D323351B223FDB78008488BE /* InformationViewController.swift */ = {isa = PBXFileReference; lastKnownFileType = sourcecode.swift; path = InformationViewController.swift; sourceTree = "<group>"; };
		D323351D223FE79D008488BE /* CoreLocation.framework */ = {isa = PBXFileReference; lastKnownFileType = wrapper.framework; name = CoreLocation.framework; path = System/Library/Frameworks/CoreLocation.framework; sourceTree = SDKROOT; };
		D37A791E2240CBED00D0CB60 /* MyColor.swift */ = {isa = PBXFileReference; lastKnownFileType = sourcecode.swift; path = MyColor.swift; sourceTree = "<group>"; };
/* End PBXFileReference section */

/* Begin PBXFrameworksBuildPhase section */
		D32334EE223F7994008488BE /* Frameworks */ = {
			isa = PBXFrameworksBuildPhase;
			buildActionMask = 2147483647;
			files = (
				D323351E223FE79E008488BE /* CoreLocation.framework in Frameworks */,
				D323350E223F7FA7008488BE /* MapKit.framework in Frameworks */,
				DF4DE71C42E68CA415B6283E /* Pods_Posting.framework in Frameworks */,
			);
			runOnlyForDeploymentPostprocessing = 0;
		};
/* End PBXFrameworksBuildPhase section */

/* Begin PBXGroup section */
		D32334E8223F7994008488BE = {
			isa = PBXGroup;
			children = (
				D32334F3223F7994008488BE /* Posting */,
				D32334F2223F7994008488BE /* Products */,
				D323350C223F7FA7008488BE /* Frameworks */,
				DE90BF0CEB4CEEF7B2C7C240 /* Pods */,
			);
			sourceTree = "<group>";
		};
		D32334F2223F7994008488BE /* Products */ = {
			isa = PBXGroup;
			children = (
				D32334F1223F7994008488BE /* Posting.app */,
			);
			name = Products;
			sourceTree = "<group>";
		};
		D32334F3223F7994008488BE /* Posting */ = {
			isa = PBXGroup;
			children = (
				D32334F4223F7994008488BE /* AppDelegate.swift */,
				D32334F6223F7994008488BE /* ViewController.swift */,
				D3233511223F809B008488BE /* PostViewController.swift */,
				D32334F8223F7994008488BE /* Main.storyboard */,
				D3233506223F7D8E008488BE /* LoginViewController.swift */,
				D323350F223F8060008488BE /* MapViewController.swift */,
				D37A791E2240CBED00D0CB60 /* MyColor.swift */,
				D323351B223FDB78008488BE /* InformationViewController.swift */,
				D3233508223F7DA0008488BE /* HomeViewController.swift */,
				D323350A223F7DB2008488BE /* SettingViewController.swift */,
				D32334FB223F7996008488BE /* Assets.xcassets */,
				D32334FD223F7996008488BE /* LaunchScreen.storyboard */,
				D3233500223F7996008488BE /* Info.plist */,
				D3233517223FD10B008488BE /* GoogleService-Info.plist */,
			);
			path = Posting;
			sourceTree = "<group>";
		};
		D323350C223F7FA7008488BE /* Frameworks */ = {
			isa = PBXGroup;
			children = (
				D323351D223FE79D008488BE /* CoreLocation.framework */,
				D323350D223F7FA7008488BE /* MapKit.framework */,
				1E0DCA6D2665F5433B93509D /* Pods_Posting.framework */,
			);
			name = Frameworks;
			sourceTree = "<group>";
		};
		DE90BF0CEB4CEEF7B2C7C240 /* Pods */ = {
			isa = PBXGroup;
			children = (
				48076C3008E89F2B0521886F /* Pods-Posting.debug.xcconfig */,
				5E3E5FF085322F9D3D6D950B /* Pods-Posting.release.xcconfig */,
			);
			path = Pods;
			sourceTree = "<group>";
		};
/* End PBXGroup section */

/* Begin PBXNativeTarget section */
		D32334F0223F7994008488BE /* Posting */ = {
			isa = PBXNativeTarget;
			buildConfigurationList = D3233503223F7996008488BE /* Build configuration list for PBXNativeTarget "Posting" */;
			buildPhases = (
				B531F0B82D283E9DF78F5C44 /* [CP] Check Pods Manifest.lock */,
				D32334ED223F7994008488BE /* Sources */,
				D32334EE223F7994008488BE /* Frameworks */,
				D32334EF223F7994008488BE /* Resources */,
				5D4065225668C0C894464F20 /* [CP] Embed Pods Frameworks */,
			);
			buildRules = (
			);
			dependencies = (
			);
			name = Posting;
			productName = Posting;
			productReference = D32334F1223F7994008488BE /* Posting.app */;
			productType = "com.apple.product-type.application";
		};
/* End PBXNativeTarget section */

/* Begin PBXProject section */
		D32334E9223F7994008488BE /* Project object */ = {
			isa = PBXProject;
			attributes = {
				LastSwiftUpdateCheck = 1010;
				LastUpgradeCheck = 1010;
				ORGANIZATIONNAME = "Nakajima Mizuki";
				TargetAttributes = {
					D32334F0223F7994008488BE = {
						CreatedOnToolsVersion = 10.1;
					};
				};
			};
			buildConfigurationList = D32334EC223F7994008488BE /* Build configuration list for PBXProject "Posting" */;
			compatibilityVersion = "Xcode 9.3";
			developmentRegion = en;
			hasScannedForEncodings = 0;
			knownRegions = (
				en,
				Base,
			);
			mainGroup = D32334E8223F7994008488BE;
			productRefGroup = D32334F2223F7994008488BE /* Products */;
			projectDirPath = "";
			projectRoot = "";
			targets = (
				D32334F0223F7994008488BE /* Posting */,
			);
		};
/* End PBXProject section */

/* Begin PBXResourcesBuildPhase section */
		D32334EF223F7994008488BE /* Resources */ = {
			isa = PBXResourcesBuildPhase;
			buildActionMask = 2147483647;
			files = (
				D32334FF223F7996008488BE /* LaunchScreen.storyboard in Resources */,
				D3233518223FD10B008488BE /* GoogleService-Info.plist in Resources */,
				D32334FC223F7996008488BE /* Assets.xcassets in Resources */,
				D32334FA223F7994008488BE /* Main.storyboard in Resources */,
			);
			runOnlyForDeploymentPostprocessing = 0;
		};
/* End PBXResourcesBuildPhase section */

/* Begin PBXShellScriptBuildPhase section */
		5D4065225668C0C894464F20 /* [CP] Embed Pods Frameworks */ = {
			isa = PBXShellScriptBuildPhase;
			buildActionMask = 2147483647;
			files = (
			);
			inputFileListPaths = (
			);
			inputPaths = (
				"${PODS_ROOT}/Target Support Files/Pods-Posting/Pods-Posting-frameworks.sh",
				"${BUILT_PRODUCTS_DIR}/GTMSessionFetcher/GTMSessionFetcher.framework",
				"${BUILT_PRODUCTS_DIR}/GoogleUtilities/GoogleUtilities.framework",
				"${BUILT_PRODUCTS_DIR}/RAMAnimatedTabBarController/RAMAnimatedTabBarController.framework",
				"${BUILT_PRODUCTS_DIR}/SVProgressHUD/SVProgressHUD.framework",
				"${BUILT_PRODUCTS_DIR}/leveldb-library/leveldb.framework",
				"${BUILT_PRODUCTS_DIR}/nanopb/nanopb.framework",
			);
			name = "[CP] Embed Pods Frameworks";
			outputFileListPaths = (
			);
			outputPaths = (
				"${TARGET_BUILD_DIR}/${FRAMEWORKS_FOLDER_PATH}/GTMSessionFetcher.framework",
				"${TARGET_BUILD_DIR}/${FRAMEWORKS_FOLDER_PATH}/GoogleUtilities.framework",
				"${TARGET_BUILD_DIR}/${FRAMEWORKS_FOLDER_PATH}/RAMAnimatedTabBarController.framework",
				"${TARGET_BUILD_DIR}/${FRAMEWORKS_FOLDER_PATH}/SVProgressHUD.framework",
				"${TARGET_BUILD_DIR}/${FRAMEWORKS_FOLDER_PATH}/leveldb.framework",
				"${TARGET_BUILD_DIR}/${FRAMEWORKS_FOLDER_PATH}/nanopb.framework",
			);
			runOnlyForDeploymentPostprocessing = 0;
			shellPath = /bin/sh;
			shellScript = "\"${PODS_ROOT}/Target Support Files/Pods-Posting/Pods-Posting-frameworks.sh\"\n";
			showEnvVarsInLog = 0;
		};
		B531F0B82D283E9DF78F5C44 /* [CP] Check Pods Manifest.lock */ = {
			isa = PBXShellScriptBuildPhase;
			buildActionMask = 2147483647;
			files = (
			);
			inputFileListPaths = (
			);
			inputPaths = (
				"${PODS_PODFILE_DIR_PATH}/Podfile.lock",
				"${PODS_ROOT}/Manifest.lock",
			);
			name = "[CP] Check Pods Manifest.lock";
			outputFileListPaths = (
			);
			outputPaths = (
				"$(DERIVED_FILE_DIR)/Pods-Posting-checkManifestLockResult.txt",
			);
			runOnlyForDeploymentPostprocessing = 0;
			shellPath = /bin/sh;
			shellScript = "diff \"${PODS_PODFILE_DIR_PATH}/Podfile.lock\" \"${PODS_ROOT}/Manifest.lock\" > /dev/null\nif [ $? != 0 ] ; then\n    # print error to STDERR\n    echo \"error: The sandbox is not in sync with the Podfile.lock. Run 'pod install' or update your CocoaPods installation.\" >&2\n    exit 1\nfi\n# This output is used by Xcode 'outputs' to avoid re-running this script phase.\necho \"SUCCESS\" > \"${SCRIPT_OUTPUT_FILE_0}\"\n";
			showEnvVarsInLog = 0;
		};
/* End PBXShellScriptBuildPhase section */

/* Begin PBXSourcesBuildPhase section */
		D32334ED223F7994008488BE /* Sources */ = {
			isa = PBXSourcesBuildPhase;
			buildActionMask = 2147483647;
			files = (
				D323350B223F7DB2008488BE /* SettingViewController.swift in Sources */,
				D3233510223F8060008488BE /* MapViewController.swift in Sources */,
				D37A791F2240CBED00D0CB60 /* MyColor.swift in Sources */,
				D3233512223F809B008488BE /* PostViewController.swift in Sources */,
				D3233507223F7D8E008488BE /* LoginViewController.swift in Sources */,
				D32334F7223F7994008488BE /* ViewController.swift in Sources */,
				D32334F5223F7994008488BE /* AppDelegate.swift in Sources */,
				D3233509223F7DA0008488BE /* HomeViewController.swift in Sources */,
				D323351C223FDB78008488BE /* InformationViewController.swift in Sources */,
			);
			runOnlyForDeploymentPostprocessing = 0;
		};
/* End PBXSourcesBuildPhase section */

/* Begin PBXVariantGroup section */
		D32334F8223F7994008488BE /* Main.storyboard */ = {
			isa = PBXVariantGroup;
			children = (
				D32334F9223F7994008488BE /* Base */,
			);
			name = Main.storyboard;
			sourceTree = "<group>";
		};
		D32334FD223F7996008488BE /* LaunchScreen.storyboard */ = {
			isa = PBXVariantGroup;
			children = (
				D32334FE223F7996008488BE /* Base */,
			);
			name = LaunchScreen.storyboard;
			sourceTree = "<group>";
		};
/* End PBXVariantGroup section */

/* Begin XCBuildConfiguration section */
		D3233501223F7996008488BE /* Debug */ = {
			isa = XCBuildConfiguration;
			buildSettings = {
				ALWAYS_SEARCH_USER_PATHS = NO;
				CLANG_ANALYZER_NONNULL = YES;
				CLANG_ANALYZER_NUMBER_OBJECT_CONVERSION = YES_AGGRESSIVE;
				CLANG_CXX_LANGUAGE_STANDARD = "gnu++14";
				CLANG_CXX_LIBRARY = "libc++";
				CLANG_ENABLE_MODULES = YES;
				CLANG_ENABLE_OBJC_ARC = YES;
				CLANG_ENABLE_OBJC_WEAK = YES;
				CLANG_WARN_BLOCK_CAPTURE_AUTORELEASING = YES;
				CLANG_WARN_BOOL_CONVERSION = YES;
				CLANG_WARN_COMMA = YES;
				CLANG_WARN_CONSTANT_CONVERSION = YES;
				CLANG_WARN_DEPRECATED_OBJC_IMPLEMENTATIONS = YES;
				CLANG_WARN_DIRECT_OBJC_ISA_USAGE = YES_ERROR;
				CLANG_WARN_DOCUMENTATION_COMMENTS = YES;
				CLANG_WARN_EMPTY_BODY = YES;
				CLANG_WARN_ENUM_CONVERSION = YES;
				CLANG_WARN_INFINITE_RECURSION = YES;
				CLANG_WARN_INT_CONVERSION = YES;
				CLANG_WARN_NON_LITERAL_NULL_CONVERSION = YES;
				CLANG_WARN_OBJC_IMPLICIT_RETAIN_SELF = YES;
				CLANG_WARN_OBJC_LITERAL_CONVERSION = YES;
				CLANG_WARN_OBJC_ROOT_CLASS = YES_ERROR;
				CLANG_WARN_RANGE_LOOP_ANALYSIS = YES;
				CLANG_WARN_STRICT_PROTOTYPES = YES;
				CLANG_WARN_SUSPICIOUS_MOVE = YES;
				CLANG_WARN_UNGUARDED_AVAILABILITY = YES_AGGRESSIVE;
				CLANG_WARN_UNREACHABLE_CODE = YES;
				CLANG_WARN__DUPLICATE_METHOD_MATCH = YES;
				CODE_SIGN_IDENTITY = "iPhone Developer";
				COPY_PHASE_STRIP = NO;
				DEBUG_INFORMATION_FORMAT = dwarf;
				ENABLE_STRICT_OBJC_MSGSEND = YES;
				ENABLE_TESTABILITY = YES;
				GCC_C_LANGUAGE_STANDARD = gnu11;
				GCC_DYNAMIC_NO_PIC = NO;
				GCC_NO_COMMON_BLOCKS = YES;
				GCC_OPTIMIZATION_LEVEL = 0;
				GCC_PREPROCESSOR_DEFINITIONS = (
					"DEBUG=1",
					"$(inherited)",
				);
				GCC_WARN_64_TO_32_BIT_CONVERSION = YES;
				GCC_WARN_ABOUT_RETURN_TYPE = YES_ERROR;
				GCC_WARN_UNDECLARED_SELECTOR = YES;
				GCC_WARN_UNINITIALIZED_AUTOS = YES_AGGRESSIVE;
				GCC_WARN_UNUSED_FUNCTION = YES;
				GCC_WARN_UNUSED_VARIABLE = YES;
				IPHONEOS_DEPLOYMENT_TARGET = 12.1;
				MTL_ENABLE_DEBUG_INFO = INCLUDE_SOURCE;
				MTL_FAST_MATH = YES;
				ONLY_ACTIVE_ARCH = YES;
				SDKROOT = iphoneos;
				SWIFT_ACTIVE_COMPILATION_CONDITIONS = DEBUG;
				SWIFT_OPTIMIZATION_LEVEL = "-Onone";
			};
			name = Debug;
		};
		D3233502223F7996008488BE /* Release */ = {
			isa = XCBuildConfiguration;
			buildSettings = {
				ALWAYS_SEARCH_USER_PATHS = NO;
				CLANG_ANALYZER_NONNULL = YES;
				CLANG_ANALYZER_NUMBER_OBJECT_CONVERSION = YES_AGGRESSIVE;
				CLANG_CXX_LANGUAGE_STANDARD = "gnu++14";
				CLANG_CXX_LIBRARY = "libc++";
				CLANG_ENABLE_MODULES = YES;
				CLANG_ENABLE_OBJC_ARC = YES;
				CLANG_ENABLE_OBJC_WEAK = YES;
				CLANG_WARN_BLOCK_CAPTURE_AUTORELEASING = YES;
				CLANG_WARN_BOOL_CONVERSION = YES;
				CLANG_WARN_COMMA = YES;
				CLANG_WARN_CONSTANT_CONVERSION = YES;
				CLANG_WARN_DEPRECATED_OBJC_IMPLEMENTATIONS = YES;
				CLANG_WARN_DIRECT_OBJC_ISA_USAGE = YES_ERROR;
				CLANG_WARN_DOCUMENTATION_COMMENTS = YES;
				CLANG_WARN_EMPTY_BODY = YES;
				CLANG_WARN_ENUM_CONVERSION = YES;
				CLANG_WARN_INFINITE_RECURSION = YES;
				CLANG_WARN_INT_CONVERSION = YES;
				CLANG_WARN_NON_LITERAL_NULL_CONVERSION = YES;
				CLANG_WARN_OBJC_IMPLICIT_RETAIN_SELF = YES;
				CLANG_WARN_OBJC_LITERAL_CONVERSION = YES;
				CLANG_WARN_OBJC_ROOT_CLASS = YES_ERROR;
				CLANG_WARN_RANGE_LOOP_ANALYSIS = YES;
				CLANG_WARN_STRICT_PROTOTYPES = YES;
				CLANG_WARN_SUSPICIOUS_MOVE = YES;
				CLANG_WARN_UNGUARDED_AVAILABILITY = YES_AGGRESSIVE;
				CLANG_WARN_UNREACHABLE_CODE = YES;
				CLANG_WARN__DUPLICATE_METHOD_MATCH = YES;
				CODE_SIGN_IDENTITY = "iPhone Developer";
				COPY_PHASE_STRIP = NO;
				DEBUG_INFORMATION_FORMAT = "dwarf-with-dsym";
				ENABLE_NS_ASSERTIONS = NO;
				ENABLE_STRICT_OBJC_MSGSEND = YES;
				GCC_C_LANGUAGE_STANDARD = gnu11;
				GCC_NO_COMMON_BLOCKS = YES;
				GCC_WARN_64_TO_32_BIT_CONVERSION = YES;
				GCC_WARN_ABOUT_RETURN_TYPE = YES_ERROR;
				GCC_WARN_UNDECLARED_SELECTOR = YES;
				GCC_WARN_UNINITIALIZED_AUTOS = YES_AGGRESSIVE;
				GCC_WARN_UNUSED_FUNCTION = YES;
				GCC_WARN_UNUSED_VARIABLE = YES;
				IPHONEOS_DEPLOYMENT_TARGET = 12.1;
				MTL_ENABLE_DEBUG_INFO = NO;
				MTL_FAST_MATH = YES;
				SDKROOT = iphoneos;
				SWIFT_COMPILATION_MODE = wholemodule;
				SWIFT_OPTIMIZATION_LEVEL = "-O";
				VALIDATE_PRODUCT = YES;
			};
			name = Release;
		};
		D3233504223F7996008488BE /* Debug */ = {
			isa = XCBuildConfiguration;
			baseConfigurationReference = 48076C3008E89F2B0521886F /* Pods-Posting.debug.xcconfig */;
			buildSettings = {
				ASSETCATALOG_COMPILER_APPICON_NAME = AppIcon;
				CODE_SIGN_STYLE = Automatic;
				DEVELOPMENT_TEAM = DE3M5PU963;
				INFOPLIST_FILE = Posting/Info.plist;
				LD_RUNPATH_SEARCH_PATHS = (
					"$(inherited)",
					"@executable_path/Frameworks",
				);
				PRODUCT_BUNDLE_IDENTIFIER = jp.techacademy.mizuki.nakajima.Posting;
				PRODUCT_NAME = "$(TARGET_NAME)";
				SWIFT_VERSION = 4.2;
				TARGETED_DEVICE_FAMILY = 1;
			};
			name = Debug;
		};
		D3233505223F7996008488BE /* Release */ = {
			isa = XCBuildConfiguration;
			baseConfigurationReference = 5E3E5FF085322F9D3D6D950B /* Pods-Posting.release.xcconfig */;
			buildSettings = {
				ASSETCATALOG_COMPILER_APPICON_NAME = AppIcon;
				CODE_SIGN_STYLE = Automatic;
				DEVELOPMENT_TEAM = DE3M5PU963;
				INFOPLIST_FILE = Posting/Info.plist;
				LD_RUNPATH_SEARCH_PATHS = (
					"$(inherited)",
					"@executable_path/Frameworks",
				);
				PRODUCT_BUNDLE_IDENTIFIER = jp.techacademy.mizuki.nakajima.Posting;
				PRODUCT_NAME = "$(TARGET_NAME)";
				SWIFT_VERSION = 4.2;
				TARGETED_DEVICE_FAMILY = 1;
			};
			name = Release;
		};
/* End XCBuildConfiguration section */

/* Begin XCConfigurationList section */
		D32334EC223F7994008488BE /* Build configuration list for PBXProject "Posting" */ = {
			isa = XCConfigurationList;
			buildConfigurations = (
				D3233501223F7996008488BE /* Debug */,
				D3233502223F7996008488BE /* Release */,
			);
			defaultConfigurationIsVisible = 0;
			defaultConfigurationName = Release;
		};
		D3233503223F7996008488BE /* Build configuration list for PBXNativeTarget "Posting" */ = {
			isa = XCConfigurationList;
			buildConfigurations = (
				D3233504223F7996008488BE /* Debug */,
				D3233505223F7996008488BE /* Release */,
			);
			defaultConfigurationIsVisible = 0;
			defaultConfigurationName = Release;
		};
/* End XCConfigurationList section */
	};
	rootObject = D32334E9223F7994008488BE /* Project object */;
}
